
Microsoft Visual Studio Solution File, Format Version 12.00
# Visual Studio Version 17
VisualStudioVersion = 17.0.31912.275
MinimumVisualStudioVersion = 10.0.40219.1
Project("{9A19103F-16F7-4668-BE54-9A1E7A4F7556}") = "EFxceptions", "EFxceptions\EFxceptions.csproj", "{A379F3E6-AF92-4EB6-BA07-FE188DF0AE2D}"
EndProject
Project("{9A19103F-16F7-4668-BE54-9A1E7A4F7556}") = "EFxceptions.Tests", "EFxceptions.Tests\EFxceptions.Tests.csproj", "{DBA43C86-63DE-488D-9DBB-D7D85F66C5C1}"
EndProject
Project("{D954291E-2A0B-460D-934E-DC6B0785DB48}") = "EFxceptions.Shared", "EFxceptions.Shared\EFxceptions.Shared.shproj", "{C2A76918-4ECA-4778-B4C7-3065C5EC149C}"
EndProject
Project("{9A19103F-16F7-4668-BE54-9A1E7A4F7556}") = "EFxceptions.Identity", "EFxceptions.Identity\EFxceptions.Identity.csproj", "{8419C4D3-6780-422E-A640-1B66DF7B2CCE}"
EndProject
Project("{9A19103F-16F7-4668-BE54-9A1E7A4F7556}") = "EFxceptions.Identity.Tests", "EFxceptions.Identity.Tests\EFxceptions.Identity.Tests.csproj", "{82530154-333E-4493-A25B-77D731F5EE40}"
EndProject
Project("{9A19103F-16F7-4668-BE54-9A1E7A4F7556}") = "EFxceptions.Infrastructure.Build", "EFxceptions.Infrastructure.Build\EFxceptions.Infrastructure.Build.csproj", "{3BEB6B64-1F75-4B5E-887D-B8D37851CE0E}"
EndProject
Project("{2150E333-8FDC-42A3-9474-1A3956D46DE8}") = "Core", "Core", "{E977EC5E-2E3D-497E-8EB1-117B7384950C}"
EndProject
Project("{9A19103F-16F7-4668-BE54-9A1E7A4F7556}") = "EFxceptions.Core", "EFxceptions.Core\EFxceptions.Core.csproj", "{C7DB91AF-3FF7-4108-8885-9E4DE82E79F7}"
EndProject
Project("{2150E333-8FDC-42A3-9474-1A3956D46DE8}") = "SqlServer", "SqlServer", "{B1DA3B28-2892-4373-98A0-121FF86ACE34}"
EndProject
Project("{9A19103F-16F7-4668-BE54-9A1E7A4F7556}") = "EFxceptions.Identity.Core", "EFxceptions.Identity.Core\EFxceptions.Identity.Core.csproj", "{FD1B8966-225B-47F6-993B-3792762A756B}"
EndProject
Project("{2150E333-8FDC-42A3-9474-1A3956D46DE8}") = "MySql", "MySql", "{2C89A614-93A5-4D72-B2ED-5E29C272198C}"
EndProject
Project("{9A19103F-16F7-4668-BE54-9A1E7A4F7556}") = "EFxceptions.MySql", "EFxceptions.MySql\EFxceptions.MySql.csproj", "{9DE00159-600A-4A60-9F14-1EE4A9CEE0CE}"
EndProject
Project("{9A19103F-16F7-4668-BE54-9A1E7A4F7556}") = "EFxceptions.MySql.Tests", "EFxceptions.MySql.Tests\EFxceptions.MySql.Tests.csproj", "{99CE86A9-0ABE-4C25-BBFD-81FDEF720CBB}"
EndProject
Project("{9A19103F-16F7-4668-BE54-9A1E7A4F7556}") = "EFxceptions.Identity.MySql", "EFxceptions.Identity.MySql\EFxceptions.Identity.MySql.csproj", "{2E67BE04-0A46-4B57-BB5F-B61C8F4D6DAD}"
EndProject
Project("{9A19103F-16F7-4668-BE54-9A1E7A4F7556}") = "EFxceptions.Identity.MySql.Tests", "EFxceptions.Identity.MySql.Tests\EFxceptions.Identity.MySql.Tests.csproj", "{9A1E76A0-4072-4731-9753-5DA751AF1B2C}"
EndProject
Project("{2150E333-8FDC-42A3-9474-1A3956D46DE8}") = "SQLite", "SQLite", "{727CF9AE-D1CD-44DE-9F95-735973F1B04F}"
EndProject
Project("{9A19103F-16F7-4668-BE54-9A1E7A4F7556}") = "EFxceptions.SQLite", "EFxceptions.SQLite\EFxceptions.SQLite.csproj", "{3F20A60E-30BA-4EE4-94F6-A21A7208ABE0}"
EndProject
Project("{9A19103F-16F7-4668-BE54-9A1E7A4F7556}") = "EFxceptions.SQLite.Tests", "EFxceptions.SQLite.Tests\EFxceptions.SQLite.Tests.csproj", "{2CFB9357-7A83-4877-9D5B-6481AFA8F2AD}"
EndProject
Project("{9A19103F-16F7-4668-BE54-9A1E7A4F7556}") = "EFxceptions.Identity.SQLite", "EFxceptions.Identity.SQLite\EFxceptions.Identity.SQLite.csproj", "{AD934287-74E7-4D73-8DE3-70BFAB4A3C34}"
EndProject
Project("{9A19103F-16F7-4668-BE54-9A1E7A4F7556}") = "EFxceptions.Identity.SQLite.Tests", "EFxceptions.Identity.SQLite.Tests\EFxceptions.Identity.SQLite.Tests.csproj", "{3FF9635F-353F-4383-8C95-F41ADB90C405}"
EndProject
Project("{2150E333-8FDC-42A3-9474-1A3956D46DE8}") = "PostgreSQL", "PostgreSQL", "{9C12764B-A096-4BB5-A699-723402E59125}"
EndProject
Project("{FAE04EC0-301F-11D3-BF4B-00C04F79EFBC}") = "EFxceptions.PostgreSQL", "EFxceptions.PostreSQL\EFxceptions.PostgreSQL.csproj", "{F632D5A6-670B-4069-84FC-78269A617B30}"
EndProject
Project("{FAE04EC0-301F-11D3-BF4B-00C04F79EFBC}") = "EFxceptions.PostgreSQL.Tests", "EFxceptions.PostgreSQL.Tests\EFxceptions.PostgreSQL.Tests.csproj", "{00E7E209-572C-4B5A-9FE5-3B6222DC6EE4}"
EndProject
Global
	GlobalSection(SolutionConfigurationPlatforms) = preSolution
		Debug|Any CPU = Debug|Any CPU
		Release|Any CPU = Release|Any CPU
	EndGlobalSection
	GlobalSection(ProjectConfigurationPlatforms) = postSolution
		{A379F3E6-AF92-4EB6-BA07-FE188DF0AE2D}.Debug|Any CPU.ActiveCfg = Debug|Any CPU
		{A379F3E6-AF92-4EB6-BA07-FE188DF0AE2D}.Debug|Any CPU.Build.0 = Debug|Any CPU
		{A379F3E6-AF92-4EB6-BA07-FE188DF0AE2D}.Release|Any CPU.ActiveCfg = Release|Any CPU
		{A379F3E6-AF92-4EB6-BA07-FE188DF0AE2D}.Release|Any CPU.Build.0 = Release|Any CPU
		{DBA43C86-63DE-488D-9DBB-D7D85F66C5C1}.Debug|Any CPU.ActiveCfg = Debug|Any CPU
		{DBA43C86-63DE-488D-9DBB-D7D85F66C5C1}.Debug|Any CPU.Build.0 = Debug|Any CPU
		{DBA43C86-63DE-488D-9DBB-D7D85F66C5C1}.Release|Any CPU.ActiveCfg = Release|Any CPU
		{DBA43C86-63DE-488D-9DBB-D7D85F66C5C1}.Release|Any CPU.Build.0 = Release|Any CPU
		{C2A76918-4ECA-4778-B4C7-3065C5EC149C}.Debug|Any CPU.ActiveCfg = Debug|Any CPU
		{C2A76918-4ECA-4778-B4C7-3065C5EC149C}.Release|Any CPU.ActiveCfg = Release|Any CPU
		{8419C4D3-6780-422E-A640-1B66DF7B2CCE}.Debug|Any CPU.ActiveCfg = Debug|Any CPU
		{8419C4D3-6780-422E-A640-1B66DF7B2CCE}.Debug|Any CPU.Build.0 = Debug|Any CPU
		{8419C4D3-6780-422E-A640-1B66DF7B2CCE}.Release|Any CPU.ActiveCfg = Release|Any CPU
		{8419C4D3-6780-422E-A640-1B66DF7B2CCE}.Release|Any CPU.Build.0 = Release|Any CPU
		{82530154-333E-4493-A25B-77D731F5EE40}.Debug|Any CPU.ActiveCfg = Debug|Any CPU
		{82530154-333E-4493-A25B-77D731F5EE40}.Debug|Any CPU.Build.0 = Debug|Any CPU
		{82530154-333E-4493-A25B-77D731F5EE40}.Release|Any CPU.ActiveCfg = Release|Any CPU
		{82530154-333E-4493-A25B-77D731F5EE40}.Release|Any CPU.Build.0 = Release|Any CPU
		{3BEB6B64-1F75-4B5E-887D-B8D37851CE0E}.Debug|Any CPU.ActiveCfg = Debug|Any CPU
		{3BEB6B64-1F75-4B5E-887D-B8D37851CE0E}.Debug|Any CPU.Build.0 = Debug|Any CPU
		{3BEB6B64-1F75-4B5E-887D-B8D37851CE0E}.Release|Any CPU.ActiveCfg = Release|Any CPU
		{3BEB6B64-1F75-4B5E-887D-B8D37851CE0E}.Release|Any CPU.Build.0 = Release|Any CPU
		{C7DB91AF-3FF7-4108-8885-9E4DE82E79F7}.Debug|Any CPU.ActiveCfg = Debug|Any CPU
		{C7DB91AF-3FF7-4108-8885-9E4DE82E79F7}.Debug|Any CPU.Build.0 = Debug|Any CPU
		{C7DB91AF-3FF7-4108-8885-9E4DE82E79F7}.Release|Any CPU.ActiveCfg = Release|Any CPU
		{C7DB91AF-3FF7-4108-8885-9E4DE82E79F7}.Release|Any CPU.Build.0 = Release|Any CPU
		{FD1B8966-225B-47F6-993B-3792762A756B}.Debug|Any CPU.ActiveCfg = Debug|Any CPU
		{FD1B8966-225B-47F6-993B-3792762A756B}.Debug|Any CPU.Build.0 = Debug|Any CPU
		{FD1B8966-225B-47F6-993B-3792762A756B}.Release|Any CPU.ActiveCfg = Release|Any CPU
		{FD1B8966-225B-47F6-993B-3792762A756B}.Release|Any CPU.Build.0 = Release|Any CPU
		{9DE00159-600A-4A60-9F14-1EE4A9CEE0CE}.Debug|Any CPU.ActiveCfg = Debug|Any CPU
		{9DE00159-600A-4A60-9F14-1EE4A9CEE0CE}.Debug|Any CPU.Build.0 = Debug|Any CPU
		{9DE00159-600A-4A60-9F14-1EE4A9CEE0CE}.Release|Any CPU.ActiveCfg = Release|Any CPU
		{9DE00159-600A-4A60-9F14-1EE4A9CEE0CE}.Release|Any CPU.Build.0 = Release|Any CPU
		{99CE86A9-0ABE-4C25-BBFD-81FDEF720CBB}.Debug|Any CPU.ActiveCfg = Debug|Any CPU
		{99CE86A9-0ABE-4C25-BBFD-81FDEF720CBB}.Debug|Any CPU.Build.0 = Debug|Any CPU
		{99CE86A9-0ABE-4C25-BBFD-81FDEF720CBB}.Release|Any CPU.ActiveCfg = Release|Any CPU
		{99CE86A9-0ABE-4C25-BBFD-81FDEF720CBB}.Release|Any CPU.Build.0 = Release|Any CPU
		{2E67BE04-0A46-4B57-BB5F-B61C8F4D6DAD}.Debug|Any CPU.ActiveCfg = Debug|Any CPU
		{2E67BE04-0A46-4B57-BB5F-B61C8F4D6DAD}.Debug|Any CPU.Build.0 = Debug|Any CPU
		{2E67BE04-0A46-4B57-BB5F-B61C8F4D6DAD}.Release|Any CPU.ActiveCfg = Release|Any CPU
		{2E67BE04-0A46-4B57-BB5F-B61C8F4D6DAD}.Release|Any CPU.Build.0 = Release|Any CPU
		{9A1E76A0-4072-4731-9753-5DA751AF1B2C}.Debug|Any CPU.ActiveCfg = Debug|Any CPU
		{9A1E76A0-4072-4731-9753-5DA751AF1B2C}.Debug|Any CPU.Build.0 = Debug|Any CPU
		{9A1E76A0-4072-4731-9753-5DA751AF1B2C}.Release|Any CPU.ActiveCfg = Release|Any CPU
		{9A1E76A0-4072-4731-9753-5DA751AF1B2C}.Release|Any CPU.Build.0 = Release|Any CPU
		{3F20A60E-30BA-4EE4-94F6-A21A7208ABE0}.Debug|Any CPU.ActiveCfg = Debug|Any CPU
		{3F20A60E-30BA-4EE4-94F6-A21A7208ABE0}.Debug|Any CPU.Build.0 = Debug|Any CPU
		{3F20A60E-30BA-4EE4-94F6-A21A7208ABE0}.Release|Any CPU.ActiveCfg = Release|Any CPU
		{3F20A60E-30BA-4EE4-94F6-A21A7208ABE0}.Release|Any CPU.Build.0 = Release|Any CPU
		{2CFB9357-7A83-4877-9D5B-6481AFA8F2AD}.Debug|Any CPU.ActiveCfg = Debug|Any CPU
		{2CFB9357-7A83-4877-9D5B-6481AFA8F2AD}.Debug|Any CPU.Build.0 = Debug|Any CPU
		{2CFB9357-7A83-4877-9D5B-6481AFA8F2AD}.Release|Any CPU.ActiveCfg = Release|Any CPU
		{2CFB9357-7A83-4877-9D5B-6481AFA8F2AD}.Release|Any CPU.Build.0 = Release|Any CPU
		{AD934287-74E7-4D73-8DE3-70BFAB4A3C34}.Debug|Any CPU.ActiveCfg = Debug|Any CPU
		{AD934287-74E7-4D73-8DE3-70BFAB4A3C34}.Debug|Any CPU.Build.0 = Debug|Any CPU
		{AD934287-74E7-4D73-8DE3-70BFAB4A3C34}.Release|Any CPU.ActiveCfg = Release|Any CPU
		{AD934287-74E7-4D73-8DE3-70BFAB4A3C34}.Release|Any CPU.Build.0 = Release|Any CPU
		{3FF9635F-353F-4383-8C95-F41ADB90C405}.Debug|Any CPU.ActiveCfg = Debug|Any CPU
		{3FF9635F-353F-4383-8C95-F41ADB90C405}.Debug|Any CPU.Build.0 = Debug|Any CPU
		{3FF9635F-353F-4383-8C95-F41ADB90C405}.Release|Any CPU.ActiveCfg = Release|Any CPU
		{3FF9635F-353F-4383-8C95-F41ADB90C405}.Release|Any CPU.Build.0 = Release|Any CPU
		{F632D5A6-670B-4069-84FC-78269A617B30}.Debug|Any CPU.ActiveCfg = Debug|Any CPU
		{F632D5A6-670B-4069-84FC-78269A617B30}.Debug|Any CPU.Build.0 = Debug|Any CPU
		{F632D5A6-670B-4069-84FC-78269A617B30}.Release|Any CPU.ActiveCfg = Release|Any CPU
		{F632D5A6-670B-4069-84FC-78269A617B30}.Release|Any CPU.Build.0 = Release|Any CPU
		{00E7E209-572C-4B5A-9FE5-3B6222DC6EE4}.Debug|Any CPU.ActiveCfg = Debug|Any CPU
		{00E7E209-572C-4B5A-9FE5-3B6222DC6EE4}.Debug|Any CPU.Build.0 = Debug|Any CPU
		{00E7E209-572C-4B5A-9FE5-3B6222DC6EE4}.Release|Any CPU.ActiveCfg = Release|Any CPU
		{00E7E209-572C-4B5A-9FE5-3B6222DC6EE4}.Release|Any CPU.Build.0 = Release|Any CPU
	EndGlobalSection
	GlobalSection(SolutionProperties) = preSolution
		HideSolutionNode = FALSE
	EndGlobalSection
	GlobalSection(NestedProjects) = preSolution
		{A379F3E6-AF92-4EB6-BA07-FE188DF0AE2D} = {B1DA3B28-2892-4373-98A0-121FF86ACE34}
		{DBA43C86-63DE-488D-9DBB-D7D85F66C5C1} = {B1DA3B28-2892-4373-98A0-121FF86ACE34}
		{8419C4D3-6780-422E-A640-1B66DF7B2CCE} = {B1DA3B28-2892-4373-98A0-121FF86ACE34}
		{82530154-333E-4493-A25B-77D731F5EE40} = {B1DA3B28-2892-4373-98A0-121FF86ACE34}
		{C7DB91AF-3FF7-4108-8885-9E4DE82E79F7} = {E977EC5E-2E3D-497E-8EB1-117B7384950C}
		{FD1B8966-225B-47F6-993B-3792762A756B} = {E977EC5E-2E3D-497E-8EB1-117B7384950C}
		{9DE00159-600A-4A60-9F14-1EE4A9CEE0CE} = {2C89A614-93A5-4D72-B2ED-5E29C272198C}
		{99CE86A9-0ABE-4C25-BBFD-81FDEF720CBB} = {2C89A614-93A5-4D72-B2ED-5E29C272198C}
		{2E67BE04-0A46-4B57-BB5F-B61C8F4D6DAD} = {2C89A614-93A5-4D72-B2ED-5E29C272198C}
		{9A1E76A0-4072-4731-9753-5DA751AF1B2C} = {2C89A614-93A5-4D72-B2ED-5E29C272198C}
		{3F20A60E-30BA-4EE4-94F6-A21A7208ABE0} = {727CF9AE-D1CD-44DE-9F95-735973F1B04F}
		{2CFB9357-7A83-4877-9D5B-6481AFA8F2AD} = {727CF9AE-D1CD-44DE-9F95-735973F1B04F}
		{AD934287-74E7-4D73-8DE3-70BFAB4A3C34} = {727CF9AE-D1CD-44DE-9F95-735973F1B04F}
		{3FF9635F-353F-4383-8C95-F41ADB90C405} = {727CF9AE-D1CD-44DE-9F95-735973F1B04F}
		{F632D5A6-670B-4069-84FC-78269A617B30} = {9C12764B-A096-4BB5-A699-723402E59125}
		{00E7E209-572C-4B5A-9FE5-3B6222DC6EE4} = {9C12764B-A096-4BB5-A699-723402E59125}
	EndGlobalSection
	GlobalSection(ExtensibilityGlobals) = postSolution
		SolutionGuid = {DCA463B2-B2AC-41DD-8F64-4D9D5C9C1E1A}
	EndGlobalSection
	GlobalSection(SharedMSBuildProjectFiles) = preSolution
		EFxceptions.Shared\EFxceptions.Shared.projitems*{c2a76918-4eca-4778-b4c7-3065c5ec149c}*SharedItemsImports = 13
		EFxceptions.Shared\EFxceptions.Shared.projitems*{c7db91af-3ff7-4108-8885-9e4de82e79f7}*SharedItemsImports = 5
		EFxceptions.Shared\EFxceptions.Shared.projitems*{fd1b8966-225b-47f6-993b-3792762a756b}*SharedItemsImports = 5
	EndGlobalSection
EndGlobal
